
Microsoft Visual Studio Solution File, Format Version 12.00
# Visual Studio Version 17
VisualStudioVersion = 17.7.34024.191
MinimumVisualStudioVersion = 10.0.40219.1
Project("{9A19103F-16F7-4668-BE54-9A1E7A4F7556}") = "ExercisesApi", "ExercisesApi\ExercisesApi.csproj", "{AE57F2D3-A369-4B07-9A5E-B2E8989B2DD9}"
EndProject
Project("{9A19103F-16F7-4668-BE54-9A1E7A4F7556}") = "CoursesApi", "CoursesApi\CoursesApi.csproj", "{D5FA82A3-A8EB-4AE3-8491-C05837C6265A}"
EndProject
Project("{E53339B2-1760-4266-BCC7-CA923CBCF16C}") = "docker-compose", "docker-compose.dcproj", "{5B2E25B3-75DC-4C81-8D3A-3B5EBD161440}"
EndProject
Project("{9A19103F-16F7-4668-BE54-9A1E7A4F7556}") = "CategoryApi", "CategoryApi\CategoryApi.csproj", "{04830D4F-C29C-40BD-8EF2-1592C949B2F7}"
EndProject
Project("{9A19103F-16F7-4668-BE54-9A1E7A4F7556}") = "UserApi", "UserApi\UserApi.csproj", "{2658D671-9772-46EE-8EFC-B31EF61BB9D3}"
EndProject
Global
	GlobalSection(SolutionConfigurationPlatforms) = preSolution
		Debug|Any CPU = Debug|Any CPU
		Release|Any CPU = Release|Any CPU
	EndGlobalSection
	GlobalSection(ProjectConfigurationPlatforms) = postSolution
		{AE57F2D3-A369-4B07-9A5E-B2E8989B2DD9}.Debug|Any CPU.ActiveCfg = Debug|Any CPU
		{AE57F2D3-A369-4B07-9A5E-B2E8989B2DD9}.Debug|Any CPU.Build.0 = Debug|Any CPU
		{AE57F2D3-A369-4B07-9A5E-B2E8989B2DD9}.Release|Any CPU.ActiveCfg = Release|Any CPU
		{AE57F2D3-A369-4B07-9A5E-B2E8989B2DD9}.Release|Any CPU.Build.0 = Release|Any CPU
		{D5FA82A3-A8EB-4AE3-8491-C05837C6265A}.Debug|Any CPU.ActiveCfg = Debug|Any CPU
		{D5FA82A3-A8EB-4AE3-8491-C05837C6265A}.Debug|Any CPU.Build.0 = Debug|Any CPU
		{D5FA82A3-A8EB-4AE3-8491-C05837C6265A}.Release|Any CPU.ActiveCfg = Release|Any CPU
		{D5FA82A3-A8EB-4AE3-8491-C05837C6265A}.Release|Any CPU.Build.0 = Release|Any CPU
		{5B2E25B3-75DC-4C81-8D3A-3B5EBD161440}.Debug|Any CPU.ActiveCfg = Debug|Any CPU
		{5B2E25B3-75DC-4C81-8D3A-3B5EBD161440}.Debug|Any CPU.Build.0 = Debug|Any CPU
		{5B2E25B3-75DC-4C81-8D3A-3B5EBD161440}.Release|Any CPU.ActiveCfg = Release|Any CPU
		{5B2E25B3-75DC-4C81-8D3A-3B5EBD161440}.Release|Any CPU.Build.0 = Release|Any CPU
		{04830D4F-C29C-40BD-8EF2-1592C949B2F7}.Debug|Any CPU.ActiveCfg = Debug|Any CPU
		{04830D4F-C29C-40BD-8EF2-1592C949B2F7}.Debug|Any CPU.Build.0 = Debug|Any CPU
		{04830D4F-C29C-40BD-8EF2-1592C949B2F7}.Release|Any CPU.ActiveCfg = Release|Any CPU
		{04830D4F-C29C-40BD-8EF2-1592C949B2F7}.Release|Any CPU.Build.0 = Release|Any CPU
		{2658D671-9772-46EE-8EFC-B31EF61BB9D3}.Debug|Any CPU.ActiveCfg = Debug|Any CPU
		{2658D671-9772-46EE-8EFC-B31EF61BB9D3}.Debug|Any CPU.Build.0 = Debug|Any CPU
		{2658D671-9772-46EE-8EFC-B31EF61BB9D3}.Release|Any CPU.ActiveCfg = Release|Any CPU
		{2658D671-9772-46EE-8EFC-B31EF61BB9D3}.Release|Any CPU.Build.0 = Release|Any CPU
	EndGlobalSection
	GlobalSection(SolutionProperties) = preSolution
		HideSolutionNode = FALSE
	EndGlobalSection
	GlobalSection(ExtensibilityGlobals) = postSolution
		SolutionGuid = {1B77914E-6C19-431C-B3FD-C544C789413F}
	EndGlobalSection
EndGlobal
